
Microsoft Visual Studio Solution File, Format Version 12.00
# Visual Studio Version 16
VisualStudioVersion = 16.0.30225.117
MinimumVisualStudioVersion = 10.0.40219.1
Project("{FAE04EC0-301F-11D3-BF4B-00C04F79EFBC}") = "NeuralNetwork-v0.3", "NeuralNetwork-v0.1\NeuralNetwork-v0.3.csproj", "{BC42847C-8354-49CC-8B7D-57653EECEF69}"
EndProject
Global
	GlobalSection(SolutionConfigurationPlatforms) = preSolution
		Debug|Any CPU = Debug|Any CPU
		Release|Any CPU = Release|Any CPU
	EndGlobalSection
	GlobalSection(ProjectConfigurationPlatforms) = postSolution
		{BC42847C-8354-49CC-8B7D-57653EECEF69}.Debug|Any CPU.ActiveCfg = Debug|Any CPU
		{BC42847C-8354-49CC-8B7D-57653EECEF69}.Debug|Any CPU.Build.0 = Debug|Any CPU
		{BC42847C-8354-49CC-8B7D-57653EECEF69}.Release|Any CPU.ActiveCfg = Release|Any CPU
		{BC42847C-8354-49CC-8B7D-57653EECEF69}.Release|Any CPU.Build.0 = Release|Any CPU
	EndGlobalSection
	GlobalSection(SolutionProperties) = preSolution
		HideSolutionNode = FALSE
	EndGlobalSection
	GlobalSection(ExtensibilityGlobals) = postSolution
		SolutionGuid = {4BA66FED-69B6-4AD9-A22C-5BB8369EC262}
	EndGlobalSection
EndGlobal
